
Microsoft Visual Studio Solution File, Format Version 12.00
# Visual Studio Version 17
VisualStudioVersion = 17.6.33723.286
MinimumVisualStudioVersion = 10.0.40219.1
Project("{FAE04EC0-301F-11D3-BF4B-00C04F79EFBC}") = "saida_de_dados", "saida_de_dados\saida_de_dados.csproj", "{C555293A-69C3-46BA-AA1D-4E485B8BEE49}"
EndProject
Global
	GlobalSection(SolutionConfigurationPlatforms) = preSolution
		Debug|Any CPU = Debug|Any CPU
		Release|Any CPU = Release|Any CPU
	EndGlobalSection
	GlobalSection(ProjectConfigurationPlatforms) = postSolution
		{C555293A-69C3-46BA-AA1D-4E485B8BEE49}.Debug|Any CPU.ActiveCfg = Debug|Any CPU
		{C555293A-69C3-46BA-AA1D-4E485B8BEE49}.Debug|Any CPU.Build.0 = Debug|Any CPU
		{C555293A-69C3-46BA-AA1D-4E485B8BEE49}.Release|Any CPU.ActiveCfg = Release|Any CPU
		{C555293A-69C3-46BA-AA1D-4E485B8BEE49}.Release|Any CPU.Build.0 = Release|Any CPU
	EndGlobalSection
	GlobalSection(SolutionProperties) = preSolution
		HideSolutionNode = FALSE
	EndGlobalSection
	GlobalSection(ExtensibilityGlobals) = postSolution
		SolutionGuid = {F92DAF84-D05B-4AAC-9FBE-52CDBA4B3E7E}
	EndGlobalSection
EndGlobal
