
Microsoft Visual Studio Solution File, Format Version 12.00
# Visual Studio Version 17
VisualStudioVersion = 17.6.33723.286
MinimumVisualStudioVersion = 10.0.40219.1
Project("{FAE04EC0-301F-11D3-BF4B-00C04F79EFBC}") = "primeiro_algoritmo", "primeiro_algoritmo\primeiro_algoritmo.csproj", "{D7553192-B9EA-4F34-A1D7-291FA094D0FD}"
EndProject
Global
	GlobalSection(SolutionConfigurationPlatforms) = preSolution
		Debug|Any CPU = Debug|Any CPU
		Release|Any CPU = Release|Any CPU
	EndGlobalSection
	GlobalSection(ProjectConfigurationPlatforms) = postSolution
		{D7553192-B9EA-4F34-A1D7-291FA094D0FD}.Debug|Any CPU.ActiveCfg = Debug|Any CPU
		{D7553192-B9EA-4F34-A1D7-291FA094D0FD}.Debug|Any CPU.Build.0 = Debug|Any CPU
		{D7553192-B9EA-4F34-A1D7-291FA094D0FD}.Release|Any CPU.ActiveCfg = Release|Any CPU
		{D7553192-B9EA-4F34-A1D7-291FA094D0FD}.Release|Any CPU.Build.0 = Release|Any CPU
	EndGlobalSection
	GlobalSection(SolutionProperties) = preSolution
		HideSolutionNode = FALSE
	EndGlobalSection
	GlobalSection(ExtensibilityGlobals) = postSolution
		SolutionGuid = {41B99D2D-20B3-4332-8B37-D1D0591F809C}
	EndGlobalSection
EndGlobal
