
Microsoft Visual Studio Solution File, Format Version 12.00
# Visual Studio Version 17
VisualStudioVersion = 17.6.33723.286
MinimumVisualStudioVersion = 10.0.40219.1
Project("{FAE04EC0-301F-11D3-BF4B-00C04F79EFBC}") = "entrada_de_dados", "entrada_de_dados\entrada_de_dados.csproj", "{53DBEAC2-5120-486E-83C2-5B0866D8D415}"
EndProject
Global
	GlobalSection(SolutionConfigurationPlatforms) = preSolution
		Debug|Any CPU = Debug|Any CPU
		Release|Any CPU = Release|Any CPU
	EndGlobalSection
	GlobalSection(ProjectConfigurationPlatforms) = postSolution
		{53DBEAC2-5120-486E-83C2-5B0866D8D415}.Debug|Any CPU.ActiveCfg = Debug|Any CPU
		{53DBEAC2-5120-486E-83C2-5B0866D8D415}.Debug|Any CPU.Build.0 = Debug|Any CPU
		{53DBEAC2-5120-486E-83C2-5B0866D8D415}.Release|Any CPU.ActiveCfg = Release|Any CPU
		{53DBEAC2-5120-486E-83C2-5B0866D8D415}.Release|Any CPU.Build.0 = Release|Any CPU
	EndGlobalSection
	GlobalSection(SolutionProperties) = preSolution
		HideSolutionNode = FALSE
	EndGlobalSection
	GlobalSection(ExtensibilityGlobals) = postSolution
		SolutionGuid = {11FB82E7-7F2F-4AD7-AC9D-7A85F6214132}
	EndGlobalSection
EndGlobal
